
Microsoft Visual Studio Solution File, Format Version 12.00
# Visual Studio 14
VisualStudioVersion = 14.0.25420.1
MinimumVisualStudioVersion = 10.0.40219.1
Project("{FAE04EC0-301F-11D3-BF4B-00C04F79EFBC}") = "alazaraqalabyadh", "alazaraqalabyadh\alazaraqalabyadh.csproj", "{3D74B1C1-7CD6-4F31-B07A-FEEC4C7F4889}"
EndProject
Global
	GlobalSection(SolutionConfigurationPlatforms) = preSolution
		Debug|Any CPU = Debug|Any CPU
		Release|Any CPU = Release|Any CPU
	EndGlobalSection
	GlobalSection(ProjectConfigurationPlatforms) = postSolution
		{3D74B1C1-7CD6-4F31-B07A-FEEC4C7F4889}.Debug|Any CPU.ActiveCfg = Debug|Any CPU
		{3D74B1C1-7CD6-4F31-B07A-FEEC4C7F4889}.Debug|Any CPU.Build.0 = Debug|Any CPU
		{3D74B1C1-7CD6-4F31-B07A-FEEC4C7F4889}.Release|Any CPU.ActiveCfg = Release|Any CPU
		{3D74B1C1-7CD6-4F31-B07A-FEEC4C7F4889}.Release|Any CPU.Build.0 = Release|Any CPU
	EndGlobalSection
	GlobalSection(SolutionProperties) = preSolution
		HideSolutionNode = FALSE
	EndGlobalSection
EndGlobal
